
Microsoft Visual Studio Solution File, Format Version 12.00
# Visual Studio Version 17
VisualStudioVersion = 17.13.35818.85 d17.13
MinimumVisualStudioVersion = 10.0.40219.1
Project("{FAE04EC0-301F-11D3-BF4B-00C04F79EFBC}") = "Curso em C# com VictorLima", "Curso em C# com VictorLima\Curso em C# com VictorLima.csproj", "{0182F87B-AADF-45FF-AA30-259D087BD503}"
EndProject
Global
	GlobalSection(SolutionConfigurationPlatforms) = preSolution
		Debug|Any CPU = Debug|Any CPU
		Release|Any CPU = Release|Any CPU
	EndGlobalSection
	GlobalSection(ProjectConfigurationPlatforms) = postSolution
		{0182F87B-AADF-45FF-AA30-259D087BD503}.Debug|Any CPU.ActiveCfg = Debug|Any CPU
		{0182F87B-AADF-45FF-AA30-259D087BD503}.Debug|Any CPU.Build.0 = Debug|Any CPU
		{0182F87B-AADF-45FF-AA30-259D087BD503}.Release|Any CPU.ActiveCfg = Release|Any CPU
		{0182F87B-AADF-45FF-AA30-259D087BD503}.Release|Any CPU.Build.0 = Release|Any CPU
	EndGlobalSection
	GlobalSection(SolutionProperties) = preSolution
		HideSolutionNode = FALSE
	EndGlobalSection
	GlobalSection(ExtensibilityGlobals) = postSolution
		SolutionGuid = {B19EDB9E-6327-4254-96B7-FBEED443838C}
	EndGlobalSection
EndGlobal
